
Microsoft Visual Studio Solution File, Format Version 11.00
# Visual Studio 2010
# SharpDevelop 4.4
Project("{FD48973F-F585-4F70-812B-4D0503B36CE9}") = "strint3", "strint3\strint3.pyproj", "{4BEA388B-11ED-4909-A731-6B4C4FB70884}"
EndProject
Global
	GlobalSection(SolutionConfigurationPlatforms) = preSolution
		Debug|Any CPU = Debug|Any CPU
		Release|Any CPU = Release|Any CPU
	EndGlobalSection
	GlobalSection(ProjectConfigurationPlatforms) = postSolution
		{4BEA388B-11ED-4909-A731-6B4C4FB70884}.Debug|Any CPU.Build.0 = Debug|Any CPU
		{4BEA388B-11ED-4909-A731-6B4C4FB70884}.Debug|Any CPU.ActiveCfg = Debug|Any CPU
		{4BEA388B-11ED-4909-A731-6B4C4FB70884}.Release|Any CPU.Build.0 = Release|Any CPU
		{4BEA388B-11ED-4909-A731-6B4C4FB70884}.Release|Any CPU.ActiveCfg = Release|Any CPU
	EndGlobalSection
EndGlobal
