
Microsoft Visual Studio Solution File, Format Version 11.00
# Visual Studio 2010
# SharpDevelop 4.4
Project("{FD48973F-F585-4F70-812B-4D0503B36CE9}") = "TicketSales", "TicketSales\TicketSales.pyproj", "{77A70C3F-AE00-4E95-BEF4-F076143603BF}"
EndProject
Global
	GlobalSection(SolutionConfigurationPlatforms) = preSolution
		Debug|Any CPU = Debug|Any CPU
		Release|Any CPU = Release|Any CPU
	EndGlobalSection
	GlobalSection(ProjectConfigurationPlatforms) = postSolution
		{77A70C3F-AE00-4E95-BEF4-F076143603BF}.Debug|Any CPU.Build.0 = Debug|Any CPU
		{77A70C3F-AE00-4E95-BEF4-F076143603BF}.Debug|Any CPU.ActiveCfg = Debug|Any CPU
		{77A70C3F-AE00-4E95-BEF4-F076143603BF}.Release|Any CPU.Build.0 = Release|Any CPU
		{77A70C3F-AE00-4E95-BEF4-F076143603BF}.Release|Any CPU.ActiveCfg = Release|Any CPU
	EndGlobalSection
EndGlobal
