
Microsoft Visual Studio Solution File, Format Version 11.00
# Visual Studio 2010
# SharpDevelop 4.4
Project("{FD48973F-F585-4F70-812B-4D0503B36CE9}") = "pg486Astronomy", "pg486Astronomy\pg486Astronomy.pyproj", "{7DFFB785-1B5D-460C-AD08-A9743A14B03D}"
EndProject
Global
	GlobalSection(SolutionConfigurationPlatforms) = preSolution
		Debug|Any CPU = Debug|Any CPU
		Release|Any CPU = Release|Any CPU
	EndGlobalSection
	GlobalSection(ProjectConfigurationPlatforms) = postSolution
		{7DFFB785-1B5D-460C-AD08-A9743A14B03D}.Debug|Any CPU.Build.0 = Debug|Any CPU
		{7DFFB785-1B5D-460C-AD08-A9743A14B03D}.Debug|Any CPU.ActiveCfg = Debug|Any CPU
		{7DFFB785-1B5D-460C-AD08-A9743A14B03D}.Release|Any CPU.Build.0 = Release|Any CPU
		{7DFFB785-1B5D-460C-AD08-A9743A14B03D}.Release|Any CPU.ActiveCfg = Release|Any CPU
	EndGlobalSection
EndGlobal
