
Microsoft Visual Studio Solution File, Format Version 12.00
# Visual Studio 2013
VisualStudioVersion = 12.0.40629.0
MinimumVisualStudioVersion = 10.0.40219.1
Project("{FAE04EC0-301F-11D3-BF4B-00C04F79EFBC}") = "HelloWorld", "HelloWorld\HelloWorld.csproj", "{A9CC3771-47A8-4896-9829-29A377255D9B}"
EndProject
Project("{FAE04EC0-301F-11D3-BF4B-00C04F79EFBC}") = "HelloName", "HelloName\HelloName.csproj", "{66007441-E0DE-4FEB-B463-0CFAC632F7F4}"
EndProject
Project("{FAE04EC0-301F-11D3-BF4B-00C04F79EFBC}") = "Lang52aConsole", "Lang52aConsole\Lang52aConsole.csproj", "{E7998BC0-03A1-4699-B86F-4A67F2639C7F}"
EndProject
Project("{FAE04EC0-301F-11D3-BF4B-00C04F79EFBC}") = "Lang54bConsole", "Lang54bConsole\Lang54bConsole.csproj", "{3532C29A-F1F4-4B11-9A88-23AA354450E7}"
EndProject
Project("{FAE04EC0-301F-11D3-BF4B-00C04F79EFBC}") = "Lang54cConsole", "Lang54cConsole\Lang54cConsole.csproj", "{CB7CCA1D-0301-4B76-999B-1B755122FFE5}"
EndProject
Project("{FAE04EC0-301F-11D3-BF4B-00C04F79EFBC}") = "FavClubConsole", "FavClubConsole\FavClubConsole.csproj", "{7C32CC9A-7569-45DE-852D-D8130ADBEEB8}"
EndProject
Project("{FAE04EC0-301F-11D3-BF4B-00C04F79EFBC}") = "YourNameConsole", "YourNameConsole\YourNameConsole.csproj", "{EC2170E9-4373-4AAF-941B-9EBA2565618D}"
EndProject
Project("{FAE04EC0-301F-11D3-BF4B-00C04F79EFBC}") = "Lang54a", "Lang54a\Lang54a.csproj", "{CD5EAA3F-9D4B-4583-A9FE-0E8DF061348B}"
EndProject
Project("{FAE04EC0-301F-11D3-BF4B-00C04F79EFBC}") = "Lang88a", "Lang88a\Lang88a.csproj", "{6613F51F-EBB7-4FDC-8287-D575BBD55594}"
EndProject
Project("{FAE04EC0-301F-11D3-BF4B-00C04F79EFBC}") = "Lang54bForm", "Lang54bForm\Lang54bForm.csproj", "{EE922C49-A41D-42D1-90F1-CDFA2669AB8A}"
EndProject
Project("{FAE04EC0-301F-11D3-BF4B-00C04F79EFBC}") = "AboutMeForm", "AboutMeForm\AboutMeForm.csproj", "{DC3FE7FA-3DAF-4D10-9462-58C48D8F54EC}"
EndProject
Project("{FAE04EC0-301F-11D3-BF4B-00C04F79EFBC}") = "Pg266LargeSmall", "Pg266LargeSmall\Pg266LargeSmall.csproj", "{8F4DFC9D-773A-4489-9B60-A520A8E3189B}"
EndProject
Project("{FAE04EC0-301F-11D3-BF4B-00C04F79EFBC}") = "LP4-5", "LP4-5\LP4-5.csproj", "{FE1AA04E-8BCB-40F1-8471-91A2DC9BBF04}"
EndProject
Project("{FAE04EC0-301F-11D3-BF4B-00C04F79EFBC}") = "LP4-1", "LP4-1\LP4-1.csproj", "{F13677E8-E6BA-4360-A720-60798D6FF43F}"
EndProject
Project("{FAE04EC0-301F-11D3-BF4B-00C04F79EFBC}") = "Pg273", "Pg273\Pg273.csproj", "{BF1794C1-63C3-4427-8171-9EDA9A5F9E84}"
EndProject
Project("{FAE04EC0-301F-11D3-BF4B-00C04F79EFBC}") = "Pg273MassAndWeight", "Pg273MassAndWeight\Pg273MassAndWeight.csproj", "{1C158C7B-226A-4682-90DC-455EA4F9C252}"
EndProject
Project("{FAE04EC0-301F-11D3-BF4B-00C04F79EFBC}") = "Pg535CatchMe", "Pg535CatchMe\Pg535CatchMe.csproj", "{B62C8611-0FFA-428A-9A22-026D1C88D9AA}"
EndProject
Project("{FAE04EC0-301F-11D3-BF4B-00C04F79EFBC}") = "Pg273BookClub", "Pg273BookClub\Pg273BookClub.csproj", "{E3B324C5-4DAD-4837-B872-25BA701FC694}"
EndProject
Project("{FAE04EC0-301F-11D3-BF4B-00C04F79EFBC}") = "LP4-2", "LP4-2\LP4-2.csproj", "{D5E78C72-DCA3-4F1F-9DF3-92650BF5D456}"
EndProject
Project("{FAE04EC0-301F-11D3-BF4B-00C04F79EFBC}") = "Prog122aForm", "Prog122aForm\Prog122aForm.csproj", "{01BCF2E3-AF17-4E19-A972-F4805B190E81}"
EndProject
Project("{FAE04EC0-301F-11D3-BF4B-00C04F79EFBC}") = "Prog122bForm", "Prog122bForm\Prog122bForm.csproj", "{EBCEC7B8-D5D3-418B-9B52-413779E35E13}"
EndProject
Project("{FAE04EC0-301F-11D3-BF4B-00C04F79EFBC}") = "Lang310a", "Lang310a\Lang310a.csproj", "{9D0C306D-A118-4F86-9BFE-F91C23B6D57A}"
EndProject
Project("{FAE04EC0-301F-11D3-BF4B-00C04F79EFBC}") = "pg347sum", "pg347sum\pg347sum.csproj", "{562793E8-65F8-46C5-91B4-CEE4913D6638}"
EndProject
Project("{FAE04EC0-301F-11D3-BF4B-00C04F79EFBC}") = "CalcWithFunctions", "CalcWithFunctions\CalcWithFunctions.csproj", "{6D52630C-DC3D-425E-9281-F2152925CBCF}"
EndProject
Project("{FAE04EC0-301F-11D3-BF4B-00C04F79EFBC}") = "Lang366b", "Lang366b\Lang366b.csproj", "{120CB73A-8466-4061-85AB-08E40186B5CA}"
EndProject
Project("{FAE04EC0-301F-11D3-BF4B-00C04F79EFBC}") = "Pg435TicketSalesCS", "Pg435TicketSalesCS\Pg435TicketSalesCS.csproj", "{36DD9A6B-6234-417A-97EB-E4DA99A01B76}"
EndProject
Project("{FAE04EC0-301F-11D3-BF4B-00C04F79EFBC}") = "Pg334LoanCalculator", "Pg334LoanCalculator\Pg334LoanCalculator.csproj", "{FAFFE2C6-BE87-4707-BED2-001E7CF39C76}"
EndProject
Project("{FAE04EC0-301F-11D3-BF4B-00C04F79EFBC}") = "Pg498Payroll", "Pg498Payroll\Pg498Payroll.csproj", "{7342D45D-9614-4B29-9725-9A6D2E1CBAAF}"
EndProject
Project("{FAE04EC0-301F-11D3-BF4B-00C04F79EFBC}") = "STRinterview7", "STRinterview7\STRinterview7.csproj", "{2B2C3717-FFCB-41AC-A14F-D6B405A9C6D3}"
EndProject
Project("{FAE04EC0-301F-11D3-BF4B-00C04F79EFBC}") = "STRinterview16", "STRinterview16\STRinterview16.csproj", "{522D513C-9FD4-4DB0-8089-F5D9EB1D604E}"
EndProject
Global
	GlobalSection(SolutionConfigurationPlatforms) = preSolution
		Debug|Any CPU = Debug|Any CPU
		Release|Any CPU = Release|Any CPU
	EndGlobalSection
	GlobalSection(ProjectConfigurationPlatforms) = postSolution
		{A9CC3771-47A8-4896-9829-29A377255D9B}.Debug|Any CPU.ActiveCfg = Debug|Any CPU
		{A9CC3771-47A8-4896-9829-29A377255D9B}.Debug|Any CPU.Build.0 = Debug|Any CPU
		{A9CC3771-47A8-4896-9829-29A377255D9B}.Release|Any CPU.ActiveCfg = Release|Any CPU
		{A9CC3771-47A8-4896-9829-29A377255D9B}.Release|Any CPU.Build.0 = Release|Any CPU
		{66007441-E0DE-4FEB-B463-0CFAC632F7F4}.Debug|Any CPU.ActiveCfg = Debug|Any CPU
		{66007441-E0DE-4FEB-B463-0CFAC632F7F4}.Debug|Any CPU.Build.0 = Debug|Any CPU
		{66007441-E0DE-4FEB-B463-0CFAC632F7F4}.Release|Any CPU.ActiveCfg = Release|Any CPU
		{66007441-E0DE-4FEB-B463-0CFAC632F7F4}.Release|Any CPU.Build.0 = Release|Any CPU
		{E7998BC0-03A1-4699-B86F-4A67F2639C7F}.Debug|Any CPU.ActiveCfg = Debug|Any CPU
		{E7998BC0-03A1-4699-B86F-4A67F2639C7F}.Debug|Any CPU.Build.0 = Debug|Any CPU
		{E7998BC0-03A1-4699-B86F-4A67F2639C7F}.Release|Any CPU.ActiveCfg = Release|Any CPU
		{E7998BC0-03A1-4699-B86F-4A67F2639C7F}.Release|Any CPU.Build.0 = Release|Any CPU
		{3532C29A-F1F4-4B11-9A88-23AA354450E7}.Debug|Any CPU.ActiveCfg = Debug|Any CPU
		{3532C29A-F1F4-4B11-9A88-23AA354450E7}.Debug|Any CPU.Build.0 = Debug|Any CPU
		{3532C29A-F1F4-4B11-9A88-23AA354450E7}.Release|Any CPU.ActiveCfg = Release|Any CPU
		{3532C29A-F1F4-4B11-9A88-23AA354450E7}.Release|Any CPU.Build.0 = Release|Any CPU
		{CB7CCA1D-0301-4B76-999B-1B755122FFE5}.Debug|Any CPU.ActiveCfg = Debug|Any CPU
		{CB7CCA1D-0301-4B76-999B-1B755122FFE5}.Debug|Any CPU.Build.0 = Debug|Any CPU
		{CB7CCA1D-0301-4B76-999B-1B755122FFE5}.Release|Any CPU.ActiveCfg = Release|Any CPU
		{CB7CCA1D-0301-4B76-999B-1B755122FFE5}.Release|Any CPU.Build.0 = Release|Any CPU
		{7C32CC9A-7569-45DE-852D-D8130ADBEEB8}.Debug|Any CPU.ActiveCfg = Debug|Any CPU
		{7C32CC9A-7569-45DE-852D-D8130ADBEEB8}.Debug|Any CPU.Build.0 = Debug|Any CPU
		{7C32CC9A-7569-45DE-852D-D8130ADBEEB8}.Release|Any CPU.ActiveCfg = Release|Any CPU
		{7C32CC9A-7569-45DE-852D-D8130ADBEEB8}.Release|Any CPU.Build.0 = Release|Any CPU
		{EC2170E9-4373-4AAF-941B-9EBA2565618D}.Debug|Any CPU.ActiveCfg = Debug|Any CPU
		{EC2170E9-4373-4AAF-941B-9EBA2565618D}.Debug|Any CPU.Build.0 = Debug|Any CPU
		{EC2170E9-4373-4AAF-941B-9EBA2565618D}.Release|Any CPU.ActiveCfg = Release|Any CPU
		{EC2170E9-4373-4AAF-941B-9EBA2565618D}.Release|Any CPU.Build.0 = Release|Any CPU
		{CD5EAA3F-9D4B-4583-A9FE-0E8DF061348B}.Debug|Any CPU.ActiveCfg = Debug|Any CPU
		{CD5EAA3F-9D4B-4583-A9FE-0E8DF061348B}.Debug|Any CPU.Build.0 = Debug|Any CPU
		{CD5EAA3F-9D4B-4583-A9FE-0E8DF061348B}.Release|Any CPU.ActiveCfg = Release|Any CPU
		{CD5EAA3F-9D4B-4583-A9FE-0E8DF061348B}.Release|Any CPU.Build.0 = Release|Any CPU
		{6613F51F-EBB7-4FDC-8287-D575BBD55594}.Debug|Any CPU.ActiveCfg = Debug|Any CPU
		{6613F51F-EBB7-4FDC-8287-D575BBD55594}.Debug|Any CPU.Build.0 = Debug|Any CPU
		{6613F51F-EBB7-4FDC-8287-D575BBD55594}.Release|Any CPU.ActiveCfg = Release|Any CPU
		{6613F51F-EBB7-4FDC-8287-D575BBD55594}.Release|Any CPU.Build.0 = Release|Any CPU
		{EE922C49-A41D-42D1-90F1-CDFA2669AB8A}.Debug|Any CPU.ActiveCfg = Debug|Any CPU
		{EE922C49-A41D-42D1-90F1-CDFA2669AB8A}.Debug|Any CPU.Build.0 = Debug|Any CPU
		{EE922C49-A41D-42D1-90F1-CDFA2669AB8A}.Release|Any CPU.ActiveCfg = Release|Any CPU
		{EE922C49-A41D-42D1-90F1-CDFA2669AB8A}.Release|Any CPU.Build.0 = Release|Any CPU
		{DC3FE7FA-3DAF-4D10-9462-58C48D8F54EC}.Debug|Any CPU.ActiveCfg = Debug|Any CPU
		{DC3FE7FA-3DAF-4D10-9462-58C48D8F54EC}.Debug|Any CPU.Build.0 = Debug|Any CPU
		{DC3FE7FA-3DAF-4D10-9462-58C48D8F54EC}.Release|Any CPU.ActiveCfg = Release|Any CPU
		{DC3FE7FA-3DAF-4D10-9462-58C48D8F54EC}.Release|Any CPU.Build.0 = Release|Any CPU
		{8F4DFC9D-773A-4489-9B60-A520A8E3189B}.Debug|Any CPU.ActiveCfg = Debug|Any CPU
		{8F4DFC9D-773A-4489-9B60-A520A8E3189B}.Debug|Any CPU.Build.0 = Debug|Any CPU
		{8F4DFC9D-773A-4489-9B60-A520A8E3189B}.Release|Any CPU.ActiveCfg = Release|Any CPU
		{8F4DFC9D-773A-4489-9B60-A520A8E3189B}.Release|Any CPU.Build.0 = Release|Any CPU
		{FE1AA04E-8BCB-40F1-8471-91A2DC9BBF04}.Debug|Any CPU.ActiveCfg = Debug|Any CPU
		{FE1AA04E-8BCB-40F1-8471-91A2DC9BBF04}.Debug|Any CPU.Build.0 = Debug|Any CPU
		{FE1AA04E-8BCB-40F1-8471-91A2DC9BBF04}.Release|Any CPU.ActiveCfg = Release|Any CPU
		{FE1AA04E-8BCB-40F1-8471-91A2DC9BBF04}.Release|Any CPU.Build.0 = Release|Any CPU
		{F13677E8-E6BA-4360-A720-60798D6FF43F}.Debug|Any CPU.ActiveCfg = Debug|Any CPU
		{F13677E8-E6BA-4360-A720-60798D6FF43F}.Debug|Any CPU.Build.0 = Debug|Any CPU
		{F13677E8-E6BA-4360-A720-60798D6FF43F}.Release|Any CPU.ActiveCfg = Release|Any CPU
		{F13677E8-E6BA-4360-A720-60798D6FF43F}.Release|Any CPU.Build.0 = Release|Any CPU
		{BF1794C1-63C3-4427-8171-9EDA9A5F9E84}.Debug|Any CPU.ActiveCfg = Debug|Any CPU
		{BF1794C1-63C3-4427-8171-9EDA9A5F9E84}.Debug|Any CPU.Build.0 = Debug|Any CPU
		{BF1794C1-63C3-4427-8171-9EDA9A5F9E84}.Release|Any CPU.ActiveCfg = Release|Any CPU
		{BF1794C1-63C3-4427-8171-9EDA9A5F9E84}.Release|Any CPU.Build.0 = Release|Any CPU
		{1C158C7B-226A-4682-90DC-455EA4F9C252}.Debug|Any CPU.ActiveCfg = Debug|Any CPU
		{1C158C7B-226A-4682-90DC-455EA4F9C252}.Debug|Any CPU.Build.0 = Debug|Any CPU
		{1C158C7B-226A-4682-90DC-455EA4F9C252}.Release|Any CPU.ActiveCfg = Release|Any CPU
		{1C158C7B-226A-4682-90DC-455EA4F9C252}.Release|Any CPU.Build.0 = Release|Any CPU
		{B62C8611-0FFA-428A-9A22-026D1C88D9AA}.Debug|Any CPU.ActiveCfg = Debug|Any CPU
		{B62C8611-0FFA-428A-9A22-026D1C88D9AA}.Debug|Any CPU.Build.0 = Debug|Any CPU
		{B62C8611-0FFA-428A-9A22-026D1C88D9AA}.Release|Any CPU.ActiveCfg = Release|Any CPU
		{B62C8611-0FFA-428A-9A22-026D1C88D9AA}.Release|Any CPU.Build.0 = Release|Any CPU
		{E3B324C5-4DAD-4837-B872-25BA701FC694}.Debug|Any CPU.ActiveCfg = Debug|Any CPU
		{E3B324C5-4DAD-4837-B872-25BA701FC694}.Debug|Any CPU.Build.0 = Debug|Any CPU
		{E3B324C5-4DAD-4837-B872-25BA701FC694}.Release|Any CPU.ActiveCfg = Release|Any CPU
		{E3B324C5-4DAD-4837-B872-25BA701FC694}.Release|Any CPU.Build.0 = Release|Any CPU
		{D5E78C72-DCA3-4F1F-9DF3-92650BF5D456}.Debug|Any CPU.ActiveCfg = Debug|Any CPU
		{D5E78C72-DCA3-4F1F-9DF3-92650BF5D456}.Debug|Any CPU.Build.0 = Debug|Any CPU
		{D5E78C72-DCA3-4F1F-9DF3-92650BF5D456}.Release|Any CPU.ActiveCfg = Release|Any CPU
		{D5E78C72-DCA3-4F1F-9DF3-92650BF5D456}.Release|Any CPU.Build.0 = Release|Any CPU
		{01BCF2E3-AF17-4E19-A972-F4805B190E81}.Debug|Any CPU.ActiveCfg = Debug|Any CPU
		{01BCF2E3-AF17-4E19-A972-F4805B190E81}.Debug|Any CPU.Build.0 = Debug|Any CPU
		{01BCF2E3-AF17-4E19-A972-F4805B190E81}.Release|Any CPU.ActiveCfg = Release|Any CPU
		{01BCF2E3-AF17-4E19-A972-F4805B190E81}.Release|Any CPU.Build.0 = Release|Any CPU
		{EBCEC7B8-D5D3-418B-9B52-413779E35E13}.Debug|Any CPU.ActiveCfg = Debug|Any CPU
		{EBCEC7B8-D5D3-418B-9B52-413779E35E13}.Debug|Any CPU.Build.0 = Debug|Any CPU
		{EBCEC7B8-D5D3-418B-9B52-413779E35E13}.Release|Any CPU.ActiveCfg = Release|Any CPU
		{EBCEC7B8-D5D3-418B-9B52-413779E35E13}.Release|Any CPU.Build.0 = Release|Any CPU
		{9D0C306D-A118-4F86-9BFE-F91C23B6D57A}.Debug|Any CPU.ActiveCfg = Debug|Any CPU
		{9D0C306D-A118-4F86-9BFE-F91C23B6D57A}.Debug|Any CPU.Build.0 = Debug|Any CPU
		{9D0C306D-A118-4F86-9BFE-F91C23B6D57A}.Release|Any CPU.ActiveCfg = Release|Any CPU
		{9D0C306D-A118-4F86-9BFE-F91C23B6D57A}.Release|Any CPU.Build.0 = Release|Any CPU
		{562793E8-65F8-46C5-91B4-CEE4913D6638}.Debug|Any CPU.ActiveCfg = Debug|Any CPU
		{562793E8-65F8-46C5-91B4-CEE4913D6638}.Debug|Any CPU.Build.0 = Debug|Any CPU
		{562793E8-65F8-46C5-91B4-CEE4913D6638}.Release|Any CPU.ActiveCfg = Release|Any CPU
		{562793E8-65F8-46C5-91B4-CEE4913D6638}.Release|Any CPU.Build.0 = Release|Any CPU
		{6D52630C-DC3D-425E-9281-F2152925CBCF}.Debug|Any CPU.ActiveCfg = Debug|Any CPU
		{6D52630C-DC3D-425E-9281-F2152925CBCF}.Debug|Any CPU.Build.0 = Debug|Any CPU
		{6D52630C-DC3D-425E-9281-F2152925CBCF}.Release|Any CPU.ActiveCfg = Release|Any CPU
		{6D52630C-DC3D-425E-9281-F2152925CBCF}.Release|Any CPU.Build.0 = Release|Any CPU
		{120CB73A-8466-4061-85AB-08E40186B5CA}.Debug|Any CPU.ActiveCfg = Debug|Any CPU
		{120CB73A-8466-4061-85AB-08E40186B5CA}.Debug|Any CPU.Build.0 = Debug|Any CPU
		{120CB73A-8466-4061-85AB-08E40186B5CA}.Release|Any CPU.ActiveCfg = Release|Any CPU
		{120CB73A-8466-4061-85AB-08E40186B5CA}.Release|Any CPU.Build.0 = Release|Any CPU
		{36DD9A6B-6234-417A-97EB-E4DA99A01B76}.Debug|Any CPU.ActiveCfg = Debug|Any CPU
		{36DD9A6B-6234-417A-97EB-E4DA99A01B76}.Debug|Any CPU.Build.0 = Debug|Any CPU
		{36DD9A6B-6234-417A-97EB-E4DA99A01B76}.Release|Any CPU.ActiveCfg = Release|Any CPU
		{36DD9A6B-6234-417A-97EB-E4DA99A01B76}.Release|Any CPU.Build.0 = Release|Any CPU
		{FAFFE2C6-BE87-4707-BED2-001E7CF39C76}.Debug|Any CPU.ActiveCfg = Debug|Any CPU
		{FAFFE2C6-BE87-4707-BED2-001E7CF39C76}.Debug|Any CPU.Build.0 = Debug|Any CPU
		{FAFFE2C6-BE87-4707-BED2-001E7CF39C76}.Release|Any CPU.ActiveCfg = Release|Any CPU
		{FAFFE2C6-BE87-4707-BED2-001E7CF39C76}.Release|Any CPU.Build.0 = Release|Any CPU
		{7342D45D-9614-4B29-9725-9A6D2E1CBAAF}.Debug|Any CPU.ActiveCfg = Debug|Any CPU
		{7342D45D-9614-4B29-9725-9A6D2E1CBAAF}.Debug|Any CPU.Build.0 = Debug|Any CPU
		{7342D45D-9614-4B29-9725-9A6D2E1CBAAF}.Release|Any CPU.ActiveCfg = Release|Any CPU
		{7342D45D-9614-4B29-9725-9A6D2E1CBAAF}.Release|Any CPU.Build.0 = Release|Any CPU
		{2B2C3717-FFCB-41AC-A14F-D6B405A9C6D3}.Debug|Any CPU.ActiveCfg = Debug|Any CPU
		{2B2C3717-FFCB-41AC-A14F-D6B405A9C6D3}.Debug|Any CPU.Build.0 = Debug|Any CPU
		{2B2C3717-FFCB-41AC-A14F-D6B405A9C6D3}.Release|Any CPU.ActiveCfg = Release|Any CPU
		{2B2C3717-FFCB-41AC-A14F-D6B405A9C6D3}.Release|Any CPU.Build.0 = Release|Any CPU
		{522D513C-9FD4-4DB0-8089-F5D9EB1D604E}.Debug|Any CPU.ActiveCfg = Debug|Any CPU
		{522D513C-9FD4-4DB0-8089-F5D9EB1D604E}.Debug|Any CPU.Build.0 = Debug|Any CPU
		{522D513C-9FD4-4DB0-8089-F5D9EB1D604E}.Release|Any CPU.ActiveCfg = Release|Any CPU
		{522D513C-9FD4-4DB0-8089-F5D9EB1D604E}.Release|Any CPU.Build.0 = Release|Any CPU
	EndGlobalSection
	GlobalSection(SolutionProperties) = preSolution
		HideSolutionNode = FALSE
	EndGlobalSection
EndGlobal
